
Microsoft Visual Studio Solution File, Format Version 11.00
# Visual Studio 2010
Project("{FAE04EC0-301F-11D3-BF4B-00C04F79EFBC}") = "SofortXmlGateway", "SofortXmlGateway.csproj", "{ADB0CD3D-EC09-4B69-BC88-A2C4F10AE931}"
EndProject
Project("{F184B08F-C81C-45F6-A57F-5ABD9991F28F}") = "NB_Store", "..\NB_Store\NB_Store.vbproj", "{981AF709-BC75-4D90-84B0-34B66F5ED2A6}"
EndProject
Global
	GlobalSection(SolutionConfigurationPlatforms) = preSolution
		Debug|Any CPU = Debug|Any CPU
		Release|Any CPU = Release|Any CPU
	EndGlobalSection
	GlobalSection(ProjectConfigurationPlatforms) = postSolution
		{ADB0CD3D-EC09-4B69-BC88-A2C4F10AE931}.Debug|Any CPU.ActiveCfg = Debug|Any CPU
		{ADB0CD3D-EC09-4B69-BC88-A2C4F10AE931}.Debug|Any CPU.Build.0 = Debug|Any CPU
		{ADB0CD3D-EC09-4B69-BC88-A2C4F10AE931}.Release|Any CPU.ActiveCfg = Release|Any CPU
		{ADB0CD3D-EC09-4B69-BC88-A2C4F10AE931}.Release|Any CPU.Build.0 = Release|Any CPU
		{981AF709-BC75-4D90-84B0-34B66F5ED2A6}.Debug|Any CPU.ActiveCfg = Debug|Any CPU
		{981AF709-BC75-4D90-84B0-34B66F5ED2A6}.Release|Any CPU.ActiveCfg = Release|Any CPU
	EndGlobalSection
	GlobalSection(SolutionProperties) = preSolution
		HideSolutionNode = FALSE
	EndGlobalSection
EndGlobal
